
Microsoft Visual Studio Solution File, Format Version 12.00
# Visual Studio Version 17
VisualStudioVersion = 17.4.33205.214
MinimumVisualStudioVersion = 10.0.40219.1
Project("{9A19103F-16F7-4668-BE54-9A1E7A4F7556}") = "ConsoleAppExample", "..\ConsoleAppExample\ConsoleAppExample.csproj", "{45DF8140-6C17-4289-AC1B-CC4D64890690}"
EndProject
Project("{9A19103F-16F7-4668-BE54-9A1E7A4F7556}") = "WpfAppExample", "..\WpfAppExample\WpfAppExample.csproj", "{3EF6B4A4-5E63-4C2D-A046-1EFD6EA2726F}"
EndProject
Project("{8BC9CEB8-8B4A-11D0-8D11-00A0C91BC942}") = "CPP_ConsoleApplicationExample", "..\ConsoleApplicationExample_CPP\ConsoleApplicationExample_CPP.vcxproj", "{6219BBA4-6240-48A2-8392-FEA2EF585247}"
EndProject
Project("{8BC9CEB8-8B4A-11D0-8D11-00A0C91BC942}") = "CPP_WindowsProjectExample", "..\WindowsProjectExample_CPP\WindowsProjectExample_CPP.vcxproj", "{1A843230-8224-4FCC-88F2-883E71E1A82E}"
EndProject
Project("{9A19103F-16F7-4668-BE54-9A1E7A4F7556}") = "WebMVC_DotNet7", "..\WebMVC_DotNet7\WebMVC_DotNet7.csproj", "{6B8E05AF-2F6B-4163-B2F3-612E50B1A03C}"
EndProject
Project("{9A19103F-16F7-4668-BE54-9A1E7A4F7556}") = "WebWebAPI-DotNet7", "..\WebWebAPI-DotNet7\WebWebAPI-DotNet7.csproj", "{61DCD451-A486-4FE9-B179-9616143EA69B}"
EndProject
Project("{8BC9CEB8-8B4A-11D0-8D11-00A0C91BC942}") = "CPP_ASM_Binary_Application", "..\CPP_ASM_Binary_Application\CPP_ASM_Binary_Application.vcxproj", "{1165E11F-3D77-4B49-AE5F-1B3FCA8FDCAC}"
EndProject
Project("{9A19103F-16F7-4668-BE54-9A1E7A4F7556}") = "IdentityServer", "..\IdentityServer\IdentityServer.csproj", "{1BE4ED6D-7280-40B8-859E-E89C6994579F}"
EndProject
Project("{9A19103F-16F7-4668-BE54-9A1E7A4F7556}") = "ContosoUniversity", "..\EF\ContosoUniversity.csproj", "{4D2CDE8E-3040-4EAF-81EC-D12DE9C3ACF2}"
EndProject
Project("{9A19103F-16F7-4668-BE54-9A1E7A4F7556}") = "CurriculumSelectionWithInheritance", "..\CurriculumSelectionWithInheritance\CurriculumSelectionWithInheritance.csproj", "{BC008D4E-320B-4751-AFB4-435C5715D648}"
EndProject
Project("{9A19103F-16F7-4668-BE54-9A1E7A4F7556}") = "CurriculumSelection", "..\CurriculumSelection\CurriculumSelection.csproj", "{351766C1-D86E-4F98-8E76-B22E31F72779}"
EndProject
Project("{8BC9CEB8-8B4A-11D0-8D11-00A0C91BC942}") = "ConsoleApplicationCPP", "..\ConsoleApplicationCPP\ConsoleApplicationCPP.vcxproj", "{FEB749B2-1DD6-4E38-B391-A822FB5E771C}"
EndProject
Project("{FAE04EC0-301F-11D3-BF4B-00C04F79EFBC}") = "YuQinWordAddInClient", "..\YuQinWordAddInClient\YuQinWordAddInClient.csproj", "{93B451EB-85B7-4FCA-9B2A-B0A473C1504D}"
EndProject
Project("{9A19103F-16F7-4668-BE54-9A1E7A4F7556}") = "ConsoleApp_QUARTZ", "..\ConsoleApp_QUARTZ\ConsoleApp_QUARTZ.csproj", "{8545C4A3-FCDA-438A-90B5-9B8AFC4914E6}"
EndProject
Project("{9A19103F-16F7-4668-BE54-9A1E7A4F7556}") = "ReferencClassCopyClass", "..\ReferencClassCopyClass\ReferencClassCopyClass.csproj", "{A3548289-58AF-46BC-B662-99EE8FB64186}"
EndProject
Project("{9A19103F-16F7-4668-BE54-9A1E7A4F7556}") = "ReferencClassCopyClassMVC", "..\ReferencClassCopyClassMVC\ReferencClassCopyClassMVC.csproj", "{2A363285-6945-4B7E-9349-DB5D53F8B53D}"
EndProject
Project("{9A19103F-16F7-4668-BE54-9A1E7A4F7556}") = "SemanticKernel-AI-LLM-Try", "..\SemanticKernel-AI-LLM-Try\SemanticKernel-AI-LLM-Try.csproj", "{0AD195AF-6B75-46E9-9E58-77FE494274C3}"
EndProject
Project("{9A19103F-16F7-4668-BE54-9A1E7A4F7556}") = "Bp", "..\Bp\Bp\Bp.csproj", "{1760572D-6FCE-4670-B0F5-46989E617DE5}"
EndProject
Project("{9A19103F-16F7-4668-BE54-9A1E7A4F7556}") = "Chat2KnowL.Console", "..\chat2KnowL-main\Chat2KnowL-Server\Chat2KnowL.Console\Chat2KnowL.Console.csproj", "{252451CC-E20B-4675-B943-7AC7863EB556}"
EndProject
Project("{9A19103F-16F7-4668-BE54-9A1E7A4F7556}") = "WebEdu_LocalVersion_YuQin_DotNetCore21", "WebEdu_LocalVersion_YuQin_DotNetCore21\WebEdu_LocalVersion_YuQin_DotNetCore21.csproj", "{7D06B85D-2435-4661-812C-A9204C600357}"
EndProject
Global
	GlobalSection(SolutionConfigurationPlatforms) = preSolution
		Debug|Any CPU = Debug|Any CPU
		Debug|x64 = Debug|x64
		Debug|x86 = Debug|x86
		Release|Any CPU = Release|Any CPU
		Release|x64 = Release|x64
		Release|x86 = Release|x86
	EndGlobalSection
	GlobalSection(ProjectConfigurationPlatforms) = postSolution
		{45DF8140-6C17-4289-AC1B-CC4D64890690}.Debug|Any CPU.ActiveCfg = Debug|Any CPU
		{45DF8140-6C17-4289-AC1B-CC4D64890690}.Debug|Any CPU.Build.0 = Debug|Any CPU
		{45DF8140-6C17-4289-AC1B-CC4D64890690}.Debug|x64.ActiveCfg = Debug|Any CPU
		{45DF8140-6C17-4289-AC1B-CC4D64890690}.Debug|x64.Build.0 = Debug|Any CPU
		{45DF8140-6C17-4289-AC1B-CC4D64890690}.Debug|x86.ActiveCfg = Debug|Any CPU
		{45DF8140-6C17-4289-AC1B-CC4D64890690}.Debug|x86.Build.0 = Debug|Any CPU
		{45DF8140-6C17-4289-AC1B-CC4D64890690}.Release|Any CPU.ActiveCfg = Release|Any CPU
		{45DF8140-6C17-4289-AC1B-CC4D64890690}.Release|Any CPU.Build.0 = Release|Any CPU
		{45DF8140-6C17-4289-AC1B-CC4D64890690}.Release|x64.ActiveCfg = Release|Any CPU
		{45DF8140-6C17-4289-AC1B-CC4D64890690}.Release|x64.Build.0 = Release|Any CPU
		{45DF8140-6C17-4289-AC1B-CC4D64890690}.Release|x86.ActiveCfg = Release|Any CPU
		{45DF8140-6C17-4289-AC1B-CC4D64890690}.Release|x86.Build.0 = Release|Any CPU
		{3EF6B4A4-5E63-4C2D-A046-1EFD6EA2726F}.Debug|Any CPU.ActiveCfg = Debug|Any CPU
		{3EF6B4A4-5E63-4C2D-A046-1EFD6EA2726F}.Debug|Any CPU.Build.0 = Debug|Any CPU
		{3EF6B4A4-5E63-4C2D-A046-1EFD6EA2726F}.Debug|x64.ActiveCfg = Debug|Any CPU
		{3EF6B4A4-5E63-4C2D-A046-1EFD6EA2726F}.Debug|x64.Build.0 = Debug|Any CPU
		{3EF6B4A4-5E63-4C2D-A046-1EFD6EA2726F}.Debug|x86.ActiveCfg = Debug|Any CPU
		{3EF6B4A4-5E63-4C2D-A046-1EFD6EA2726F}.Debug|x86.Build.0 = Debug|Any CPU
		{3EF6B4A4-5E63-4C2D-A046-1EFD6EA2726F}.Release|Any CPU.ActiveCfg = Release|Any CPU
		{3EF6B4A4-5E63-4C2D-A046-1EFD6EA2726F}.Release|Any CPU.Build.0 = Release|Any CPU
		{3EF6B4A4-5E63-4C2D-A046-1EFD6EA2726F}.Release|x64.ActiveCfg = Release|Any CPU
		{3EF6B4A4-5E63-4C2D-A046-1EFD6EA2726F}.Release|x64.Build.0 = Release|Any CPU
		{3EF6B4A4-5E63-4C2D-A046-1EFD6EA2726F}.Release|x86.ActiveCfg = Release|Any CPU
		{3EF6B4A4-5E63-4C2D-A046-1EFD6EA2726F}.Release|x86.Build.0 = Release|Any CPU
		{6219BBA4-6240-48A2-8392-FEA2EF585247}.Debug|Any CPU.ActiveCfg = Debug|x64
		{6219BBA4-6240-48A2-8392-FEA2EF585247}.Debug|Any CPU.Build.0 = Debug|x64
		{6219BBA4-6240-48A2-8392-FEA2EF585247}.Debug|x64.ActiveCfg = Debug|x64
		{6219BBA4-6240-48A2-8392-FEA2EF585247}.Debug|x64.Build.0 = Debug|x64
		{6219BBA4-6240-48A2-8392-FEA2EF585247}.Debug|x86.ActiveCfg = Debug|Win32
		{6219BBA4-6240-48A2-8392-FEA2EF585247}.Debug|x86.Build.0 = Debug|Win32
		{6219BBA4-6240-48A2-8392-FEA2EF585247}.Release|Any CPU.ActiveCfg = Release|x64
		{6219BBA4-6240-48A2-8392-FEA2EF585247}.Release|Any CPU.Build.0 = Release|x64
		{6219BBA4-6240-48A2-8392-FEA2EF585247}.Release|x64.ActiveCfg = Release|x64
		{6219BBA4-6240-48A2-8392-FEA2EF585247}.Release|x64.Build.0 = Release|x64
		{6219BBA4-6240-48A2-8392-FEA2EF585247}.Release|x86.ActiveCfg = Release|Win32
		{6219BBA4-6240-48A2-8392-FEA2EF585247}.Release|x86.Build.0 = Release|Win32
		{1A843230-8224-4FCC-88F2-883E71E1A82E}.Debug|Any CPU.ActiveCfg = Debug|x64
		{1A843230-8224-4FCC-88F2-883E71E1A82E}.Debug|Any CPU.Build.0 = Debug|x64
		{1A843230-8224-4FCC-88F2-883E71E1A82E}.Debug|x64.ActiveCfg = Debug|x64
		{1A843230-8224-4FCC-88F2-883E71E1A82E}.Debug|x64.Build.0 = Debug|x64
		{1A843230-8224-4FCC-88F2-883E71E1A82E}.Debug|x86.ActiveCfg = Debug|Win32
		{1A843230-8224-4FCC-88F2-883E71E1A82E}.Debug|x86.Build.0 = Debug|Win32
		{1A843230-8224-4FCC-88F2-883E71E1A82E}.Release|Any CPU.ActiveCfg = Release|x64
		{1A843230-8224-4FCC-88F2-883E71E1A82E}.Release|Any CPU.Build.0 = Release|x64
		{1A843230-8224-4FCC-88F2-883E71E1A82E}.Release|x64.ActiveCfg = Release|x64
		{1A843230-8224-4FCC-88F2-883E71E1A82E}.Release|x64.Build.0 = Release|x64
		{1A843230-8224-4FCC-88F2-883E71E1A82E}.Release|x86.ActiveCfg = Release|Win32
		{1A843230-8224-4FCC-88F2-883E71E1A82E}.Release|x86.Build.0 = Release|Win32
		{6B8E05AF-2F6B-4163-B2F3-612E50B1A03C}.Debug|Any CPU.ActiveCfg = Debug|Any CPU
		{6B8E05AF-2F6B-4163-B2F3-612E50B1A03C}.Debug|Any CPU.Build.0 = Debug|Any CPU
		{6B8E05AF-2F6B-4163-B2F3-612E50B1A03C}.Debug|x64.ActiveCfg = Debug|Any CPU
		{6B8E05AF-2F6B-4163-B2F3-612E50B1A03C}.Debug|x64.Build.0 = Debug|Any CPU
		{6B8E05AF-2F6B-4163-B2F3-612E50B1A03C}.Debug|x86.ActiveCfg = Debug|Any CPU
		{6B8E05AF-2F6B-4163-B2F3-612E50B1A03C}.Debug|x86.Build.0 = Debug|Any CPU
		{6B8E05AF-2F6B-4163-B2F3-612E50B1A03C}.Release|Any CPU.ActiveCfg = Release|Any CPU
		{6B8E05AF-2F6B-4163-B2F3-612E50B1A03C}.Release|Any CPU.Build.0 = Release|Any CPU
		{6B8E05AF-2F6B-4163-B2F3-612E50B1A03C}.Release|x64.ActiveCfg = Release|Any CPU
		{6B8E05AF-2F6B-4163-B2F3-612E50B1A03C}.Release|x64.Build.0 = Release|Any CPU
		{6B8E05AF-2F6B-4163-B2F3-612E50B1A03C}.Release|x86.ActiveCfg = Release|Any CPU
		{6B8E05AF-2F6B-4163-B2F3-612E50B1A03C}.Release|x86.Build.0 = Release|Any CPU
		{61DCD451-A486-4FE9-B179-9616143EA69B}.Debug|Any CPU.ActiveCfg = Debug|Any CPU
		{61DCD451-A486-4FE9-B179-9616143EA69B}.Debug|Any CPU.Build.0 = Debug|Any CPU
		{61DCD451-A486-4FE9-B179-9616143EA69B}.Debug|x64.ActiveCfg = Debug|Any CPU
		{61DCD451-A486-4FE9-B179-9616143EA69B}.Debug|x64.Build.0 = Debug|Any CPU
		{61DCD451-A486-4FE9-B179-9616143EA69B}.Debug|x86.ActiveCfg = Debug|Any CPU
		{61DCD451-A486-4FE9-B179-9616143EA69B}.Debug|x86.Build.0 = Debug|Any CPU
		{61DCD451-A486-4FE9-B179-9616143EA69B}.Release|Any CPU.ActiveCfg = Release|Any CPU
		{61DCD451-A486-4FE9-B179-9616143EA69B}.Release|Any CPU.Build.0 = Release|Any CPU
		{61DCD451-A486-4FE9-B179-9616143EA69B}.Release|x64.ActiveCfg = Release|Any CPU
		{61DCD451-A486-4FE9-B179-9616143EA69B}.Release|x64.Build.0 = Release|Any CPU
		{61DCD451-A486-4FE9-B179-9616143EA69B}.Release|x86.ActiveCfg = Release|Any CPU
		{61DCD451-A486-4FE9-B179-9616143EA69B}.Release|x86.Build.0 = Release|Any CPU
		{1165E11F-3D77-4B49-AE5F-1B3FCA8FDCAC}.Debug|Any CPU.ActiveCfg = Debug|x64
		{1165E11F-3D77-4B49-AE5F-1B3FCA8FDCAC}.Debug|Any CPU.Build.0 = Debug|x64
		{1165E11F-3D77-4B49-AE5F-1B3FCA8FDCAC}.Debug|x64.ActiveCfg = Debug|x64
		{1165E11F-3D77-4B49-AE5F-1B3FCA8FDCAC}.Debug|x64.Build.0 = Debug|x64
		{1165E11F-3D77-4B49-AE5F-1B3FCA8FDCAC}.Debug|x86.ActiveCfg = Debug|Win32
		{1165E11F-3D77-4B49-AE5F-1B3FCA8FDCAC}.Debug|x86.Build.0 = Debug|Win32
		{1165E11F-3D77-4B49-AE5F-1B3FCA8FDCAC}.Release|Any CPU.ActiveCfg = Release|x64
		{1165E11F-3D77-4B49-AE5F-1B3FCA8FDCAC}.Release|Any CPU.Build.0 = Release|x64
		{1165E11F-3D77-4B49-AE5F-1B3FCA8FDCAC}.Release|x64.ActiveCfg = Release|x64
		{1165E11F-3D77-4B49-AE5F-1B3FCA8FDCAC}.Release|x64.Build.0 = Release|x64
		{1165E11F-3D77-4B49-AE5F-1B3FCA8FDCAC}.Release|x86.ActiveCfg = Release|Win32
		{1165E11F-3D77-4B49-AE5F-1B3FCA8FDCAC}.Release|x86.Build.0 = Release|Win32
		{1BE4ED6D-7280-40B8-859E-E89C6994579F}.Debug|Any CPU.ActiveCfg = Debug|Any CPU
		{1BE4ED6D-7280-40B8-859E-E89C6994579F}.Debug|Any CPU.Build.0 = Debug|Any CPU
		{1BE4ED6D-7280-40B8-859E-E89C6994579F}.Debug|x64.ActiveCfg = Debug|Any CPU
		{1BE4ED6D-7280-40B8-859E-E89C6994579F}.Debug|x64.Build.0 = Debug|Any CPU
		{1BE4ED6D-7280-40B8-859E-E89C6994579F}.Debug|x86.ActiveCfg = Debug|Any CPU
		{1BE4ED6D-7280-40B8-859E-E89C6994579F}.Debug|x86.Build.0 = Debug|Any CPU
		{1BE4ED6D-7280-40B8-859E-E89C6994579F}.Release|Any CPU.ActiveCfg = Release|Any CPU
		{1BE4ED6D-7280-40B8-859E-E89C6994579F}.Release|Any CPU.Build.0 = Release|Any CPU
		{1BE4ED6D-7280-40B8-859E-E89C6994579F}.Release|x64.ActiveCfg = Release|Any CPU
		{1BE4ED6D-7280-40B8-859E-E89C6994579F}.Release|x64.Build.0 = Release|Any CPU
		{1BE4ED6D-7280-40B8-859E-E89C6994579F}.Release|x86.ActiveCfg = Release|Any CPU
		{1BE4ED6D-7280-40B8-859E-E89C6994579F}.Release|x86.Build.0 = Release|Any CPU
		{4D2CDE8E-3040-4EAF-81EC-D12DE9C3ACF2}.Debug|Any CPU.ActiveCfg = Debug|Any CPU
		{4D2CDE8E-3040-4EAF-81EC-D12DE9C3ACF2}.Debug|Any CPU.Build.0 = Debug|Any CPU
		{4D2CDE8E-3040-4EAF-81EC-D12DE9C3ACF2}.Debug|x64.ActiveCfg = Debug|Any CPU
		{4D2CDE8E-3040-4EAF-81EC-D12DE9C3ACF2}.Debug|x64.Build.0 = Debug|Any CPU
		{4D2CDE8E-3040-4EAF-81EC-D12DE9C3ACF2}.Debug|x86.ActiveCfg = Debug|Any CPU
		{4D2CDE8E-3040-4EAF-81EC-D12DE9C3ACF2}.Debug|x86.Build.0 = Debug|Any CPU
		{4D2CDE8E-3040-4EAF-81EC-D12DE9C3ACF2}.Release|Any CPU.ActiveCfg = Release|Any CPU
		{4D2CDE8E-3040-4EAF-81EC-D12DE9C3ACF2}.Release|Any CPU.Build.0 = Release|Any CPU
		{4D2CDE8E-3040-4EAF-81EC-D12DE9C3ACF2}.Release|x64.ActiveCfg = Release|Any CPU
		{4D2CDE8E-3040-4EAF-81EC-D12DE9C3ACF2}.Release|x64.Build.0 = Release|Any CPU
		{4D2CDE8E-3040-4EAF-81EC-D12DE9C3ACF2}.Release|x86.ActiveCfg = Release|Any CPU
		{4D2CDE8E-3040-4EAF-81EC-D12DE9C3ACF2}.Release|x86.Build.0 = Release|Any CPU
		{BC008D4E-320B-4751-AFB4-435C5715D648}.Debug|Any CPU.ActiveCfg = Debug|Any CPU
		{BC008D4E-320B-4751-AFB4-435C5715D648}.Debug|Any CPU.Build.0 = Debug|Any CPU
		{BC008D4E-320B-4751-AFB4-435C5715D648}.Debug|x64.ActiveCfg = Debug|Any CPU
		{BC008D4E-320B-4751-AFB4-435C5715D648}.Debug|x64.Build.0 = Debug|Any CPU
		{BC008D4E-320B-4751-AFB4-435C5715D648}.Debug|x86.ActiveCfg = Debug|Any CPU
		{BC008D4E-320B-4751-AFB4-435C5715D648}.Debug|x86.Build.0 = Debug|Any CPU
		{BC008D4E-320B-4751-AFB4-435C5715D648}.Release|Any CPU.ActiveCfg = Release|Any CPU
		{BC008D4E-320B-4751-AFB4-435C5715D648}.Release|Any CPU.Build.0 = Release|Any CPU
		{BC008D4E-320B-4751-AFB4-435C5715D648}.Release|x64.ActiveCfg = Release|Any CPU
		{BC008D4E-320B-4751-AFB4-435C5715D648}.Release|x64.Build.0 = Release|Any CPU
		{BC008D4E-320B-4751-AFB4-435C5715D648}.Release|x86.ActiveCfg = Release|Any CPU
		{BC008D4E-320B-4751-AFB4-435C5715D648}.Release|x86.Build.0 = Release|Any CPU
		{351766C1-D86E-4F98-8E76-B22E31F72779}.Debug|Any CPU.ActiveCfg = Debug|Any CPU
		{351766C1-D86E-4F98-8E76-B22E31F72779}.Debug|Any CPU.Build.0 = Debug|Any CPU
		{351766C1-D86E-4F98-8E76-B22E31F72779}.Debug|x64.ActiveCfg = Debug|Any CPU
		{351766C1-D86E-4F98-8E76-B22E31F72779}.Debug|x64.Build.0 = Debug|Any CPU
		{351766C1-D86E-4F98-8E76-B22E31F72779}.Debug|x86.ActiveCfg = Debug|Any CPU
		{351766C1-D86E-4F98-8E76-B22E31F72779}.Debug|x86.Build.0 = Debug|Any CPU
		{351766C1-D86E-4F98-8E76-B22E31F72779}.Release|Any CPU.ActiveCfg = Release|Any CPU
		{351766C1-D86E-4F98-8E76-B22E31F72779}.Release|Any CPU.Build.0 = Release|Any CPU
		{351766C1-D86E-4F98-8E76-B22E31F72779}.Release|x64.ActiveCfg = Release|Any CPU
		{351766C1-D86E-4F98-8E76-B22E31F72779}.Release|x64.Build.0 = Release|Any CPU
		{351766C1-D86E-4F98-8E76-B22E31F72779}.Release|x86.ActiveCfg = Release|Any CPU
		{351766C1-D86E-4F98-8E76-B22E31F72779}.Release|x86.Build.0 = Release|Any CPU
		{FEB749B2-1DD6-4E38-B391-A822FB5E771C}.Debug|Any CPU.ActiveCfg = Debug|x64
		{FEB749B2-1DD6-4E38-B391-A822FB5E771C}.Debug|Any CPU.Build.0 = Debug|x64
		{FEB749B2-1DD6-4E38-B391-A822FB5E771C}.Debug|x64.ActiveCfg = Debug|x64
		{FEB749B2-1DD6-4E38-B391-A822FB5E771C}.Debug|x64.Build.0 = Debug|x64
		{FEB749B2-1DD6-4E38-B391-A822FB5E771C}.Debug|x86.ActiveCfg = Debug|Win32
		{FEB749B2-1DD6-4E38-B391-A822FB5E771C}.Debug|x86.Build.0 = Debug|Win32
		{FEB749B2-1DD6-4E38-B391-A822FB5E771C}.Release|Any CPU.ActiveCfg = Release|x64
		{FEB749B2-1DD6-4E38-B391-A822FB5E771C}.Release|Any CPU.Build.0 = Release|x64
		{FEB749B2-1DD6-4E38-B391-A822FB5E771C}.Release|x64.ActiveCfg = Release|x64
		{FEB749B2-1DD6-4E38-B391-A822FB5E771C}.Release|x64.Build.0 = Release|x64
		{FEB749B2-1DD6-4E38-B391-A822FB5E771C}.Release|x86.ActiveCfg = Release|Win32
		{FEB749B2-1DD6-4E38-B391-A822FB5E771C}.Release|x86.Build.0 = Release|Win32
		{93B451EB-85B7-4FCA-9B2A-B0A473C1504D}.Debug|Any CPU.ActiveCfg = Debug|Any CPU
		{93B451EB-85B7-4FCA-9B2A-B0A473C1504D}.Debug|Any CPU.Build.0 = Debug|Any CPU
		{93B451EB-85B7-4FCA-9B2A-B0A473C1504D}.Debug|x64.ActiveCfg = Debug|Any CPU
		{93B451EB-85B7-4FCA-9B2A-B0A473C1504D}.Debug|x64.Build.0 = Debug|Any CPU
		{93B451EB-85B7-4FCA-9B2A-B0A473C1504D}.Debug|x86.ActiveCfg = Debug|Any CPU
		{93B451EB-85B7-4FCA-9B2A-B0A473C1504D}.Debug|x86.Build.0 = Debug|Any CPU
		{93B451EB-85B7-4FCA-9B2A-B0A473C1504D}.Release|Any CPU.ActiveCfg = Release|Any CPU
		{93B451EB-85B7-4FCA-9B2A-B0A473C1504D}.Release|Any CPU.Build.0 = Release|Any CPU
		{93B451EB-85B7-4FCA-9B2A-B0A473C1504D}.Release|x64.ActiveCfg = Release|Any CPU
		{93B451EB-85B7-4FCA-9B2A-B0A473C1504D}.Release|x64.Build.0 = Release|Any CPU
		{93B451EB-85B7-4FCA-9B2A-B0A473C1504D}.Release|x86.ActiveCfg = Release|Any CPU
		{93B451EB-85B7-4FCA-9B2A-B0A473C1504D}.Release|x86.Build.0 = Release|Any CPU
		{8545C4A3-FCDA-438A-90B5-9B8AFC4914E6}.Debug|Any CPU.ActiveCfg = Debug|Any CPU
		{8545C4A3-FCDA-438A-90B5-9B8AFC4914E6}.Debug|Any CPU.Build.0 = Debug|Any CPU
		{8545C4A3-FCDA-438A-90B5-9B8AFC4914E6}.Debug|x64.ActiveCfg = Debug|Any CPU
		{8545C4A3-FCDA-438A-90B5-9B8AFC4914E6}.Debug|x64.Build.0 = Debug|Any CPU
		{8545C4A3-FCDA-438A-90B5-9B8AFC4914E6}.Debug|x86.ActiveCfg = Debug|Any CPU
		{8545C4A3-FCDA-438A-90B5-9B8AFC4914E6}.Debug|x86.Build.0 = Debug|Any CPU
		{8545C4A3-FCDA-438A-90B5-9B8AFC4914E6}.Release|Any CPU.ActiveCfg = Release|Any CPU
		{8545C4A3-FCDA-438A-90B5-9B8AFC4914E6}.Release|Any CPU.Build.0 = Release|Any CPU
		{8545C4A3-FCDA-438A-90B5-9B8AFC4914E6}.Release|x64.ActiveCfg = Release|Any CPU
		{8545C4A3-FCDA-438A-90B5-9B8AFC4914E6}.Release|x64.Build.0 = Release|Any CPU
		{8545C4A3-FCDA-438A-90B5-9B8AFC4914E6}.Release|x86.ActiveCfg = Release|Any CPU
		{8545C4A3-FCDA-438A-90B5-9B8AFC4914E6}.Release|x86.Build.0 = Release|Any CPU
		{A3548289-58AF-46BC-B662-99EE8FB64186}.Debug|Any CPU.ActiveCfg = Debug|Any CPU
		{A3548289-58AF-46BC-B662-99EE8FB64186}.Debug|Any CPU.Build.0 = Debug|Any CPU
		{A3548289-58AF-46BC-B662-99EE8FB64186}.Debug|x64.ActiveCfg = Debug|Any CPU
		{A3548289-58AF-46BC-B662-99EE8FB64186}.Debug|x64.Build.0 = Debug|Any CPU
		{A3548289-58AF-46BC-B662-99EE8FB64186}.Debug|x86.ActiveCfg = Debug|Any CPU
		{A3548289-58AF-46BC-B662-99EE8FB64186}.Debug|x86.Build.0 = Debug|Any CPU
		{A3548289-58AF-46BC-B662-99EE8FB64186}.Release|Any CPU.ActiveCfg = Release|Any CPU
		{A3548289-58AF-46BC-B662-99EE8FB64186}.Release|Any CPU.Build.0 = Release|Any CPU
		{A3548289-58AF-46BC-B662-99EE8FB64186}.Release|x64.ActiveCfg = Release|Any CPU
		{A3548289-58AF-46BC-B662-99EE8FB64186}.Release|x64.Build.0 = Release|Any CPU
		{A3548289-58AF-46BC-B662-99EE8FB64186}.Release|x86.ActiveCfg = Release|Any CPU
		{A3548289-58AF-46BC-B662-99EE8FB64186}.Release|x86.Build.0 = Release|Any CPU
		{2A363285-6945-4B7E-9349-DB5D53F8B53D}.Debug|Any CPU.ActiveCfg = Debug|Any CPU
		{2A363285-6945-4B7E-9349-DB5D53F8B53D}.Debug|Any CPU.Build.0 = Debug|Any CPU
		{2A363285-6945-4B7E-9349-DB5D53F8B53D}.Debug|x64.ActiveCfg = Debug|Any CPU
		{2A363285-6945-4B7E-9349-DB5D53F8B53D}.Debug|x64.Build.0 = Debug|Any CPU
		{2A363285-6945-4B7E-9349-DB5D53F8B53D}.Debug|x86.ActiveCfg = Debug|Any CPU
		{2A363285-6945-4B7E-9349-DB5D53F8B53D}.Debug|x86.Build.0 = Debug|Any CPU
		{2A363285-6945-4B7E-9349-DB5D53F8B53D}.Release|Any CPU.ActiveCfg = Release|Any CPU
		{2A363285-6945-4B7E-9349-DB5D53F8B53D}.Release|Any CPU.Build.0 = Release|Any CPU
		{2A363285-6945-4B7E-9349-DB5D53F8B53D}.Release|x64.ActiveCfg = Release|Any CPU
		{2A363285-6945-4B7E-9349-DB5D53F8B53D}.Release|x64.Build.0 = Release|Any CPU
		{2A363285-6945-4B7E-9349-DB5D53F8B53D}.Release|x86.ActiveCfg = Release|Any CPU
		{2A363285-6945-4B7E-9349-DB5D53F8B53D}.Release|x86.Build.0 = Release|Any CPU
		{0AD195AF-6B75-46E9-9E58-77FE494274C3}.Debug|Any CPU.ActiveCfg = Debug|Any CPU
		{0AD195AF-6B75-46E9-9E58-77FE494274C3}.Debug|Any CPU.Build.0 = Debug|Any CPU
		{0AD195AF-6B75-46E9-9E58-77FE494274C3}.Debug|x64.ActiveCfg = Debug|Any CPU
		{0AD195AF-6B75-46E9-9E58-77FE494274C3}.Debug|x64.Build.0 = Debug|Any CPU
		{0AD195AF-6B75-46E9-9E58-77FE494274C3}.Debug|x86.ActiveCfg = Debug|Any CPU
		{0AD195AF-6B75-46E9-9E58-77FE494274C3}.Debug|x86.Build.0 = Debug|Any CPU
		{0AD195AF-6B75-46E9-9E58-77FE494274C3}.Release|Any CPU.ActiveCfg = Release|Any CPU
		{0AD195AF-6B75-46E9-9E58-77FE494274C3}.Release|Any CPU.Build.0 = Release|Any CPU
		{0AD195AF-6B75-46E9-9E58-77FE494274C3}.Release|x64.ActiveCfg = Release|Any CPU
		{0AD195AF-6B75-46E9-9E58-77FE494274C3}.Release|x64.Build.0 = Release|Any CPU
		{0AD195AF-6B75-46E9-9E58-77FE494274C3}.Release|x86.ActiveCfg = Release|Any CPU
		{0AD195AF-6B75-46E9-9E58-77FE494274C3}.Release|x86.Build.0 = Release|Any CPU
		{1760572D-6FCE-4670-B0F5-46989E617DE5}.Debug|Any CPU.ActiveCfg = Debug|Any CPU
		{1760572D-6FCE-4670-B0F5-46989E617DE5}.Debug|Any CPU.Build.0 = Debug|Any CPU
		{1760572D-6FCE-4670-B0F5-46989E617DE5}.Debug|x64.ActiveCfg = Debug|Any CPU
		{1760572D-6FCE-4670-B0F5-46989E617DE5}.Debug|x64.Build.0 = Debug|Any CPU
		{1760572D-6FCE-4670-B0F5-46989E617DE5}.Debug|x86.ActiveCfg = Debug|Any CPU
		{1760572D-6FCE-4670-B0F5-46989E617DE5}.Debug|x86.Build.0 = Debug|Any CPU
		{1760572D-6FCE-4670-B0F5-46989E617DE5}.Release|Any CPU.ActiveCfg = Release|Any CPU
		{1760572D-6FCE-4670-B0F5-46989E617DE5}.Release|Any CPU.Build.0 = Release|Any CPU
		{1760572D-6FCE-4670-B0F5-46989E617DE5}.Release|x64.ActiveCfg = Release|Any CPU
		{1760572D-6FCE-4670-B0F5-46989E617DE5}.Release|x64.Build.0 = Release|Any CPU
		{1760572D-6FCE-4670-B0F5-46989E617DE5}.Release|x86.ActiveCfg = Release|Any CPU
		{1760572D-6FCE-4670-B0F5-46989E617DE5}.Release|x86.Build.0 = Release|Any CPU
		{252451CC-E20B-4675-B943-7AC7863EB556}.Debug|Any CPU.ActiveCfg = Debug|Any CPU
		{252451CC-E20B-4675-B943-7AC7863EB556}.Debug|Any CPU.Build.0 = Debug|Any CPU
		{252451CC-E20B-4675-B943-7AC7863EB556}.Debug|x64.ActiveCfg = Debug|Any CPU
		{252451CC-E20B-4675-B943-7AC7863EB556}.Debug|x64.Build.0 = Debug|Any CPU
		{252451CC-E20B-4675-B943-7AC7863EB556}.Debug|x86.ActiveCfg = Debug|Any CPU
		{252451CC-E20B-4675-B943-7AC7863EB556}.Debug|x86.Build.0 = Debug|Any CPU
		{252451CC-E20B-4675-B943-7AC7863EB556}.Release|Any CPU.ActiveCfg = Release|Any CPU
		{252451CC-E20B-4675-B943-7AC7863EB556}.Release|Any CPU.Build.0 = Release|Any CPU
		{252451CC-E20B-4675-B943-7AC7863EB556}.Release|x64.ActiveCfg = Release|Any CPU
		{252451CC-E20B-4675-B943-7AC7863EB556}.Release|x64.Build.0 = Release|Any CPU
		{252451CC-E20B-4675-B943-7AC7863EB556}.Release|x86.ActiveCfg = Release|Any CPU
		{252451CC-E20B-4675-B943-7AC7863EB556}.Release|x86.Build.0 = Release|Any CPU
		{7D06B85D-2435-4661-812C-A9204C600357}.Debug|Any CPU.ActiveCfg = Debug|Any CPU
		{7D06B85D-2435-4661-812C-A9204C600357}.Debug|Any CPU.Build.0 = Debug|Any CPU
		{7D06B85D-2435-4661-812C-A9204C600357}.Debug|x64.ActiveCfg = Debug|Any CPU
		{7D06B85D-2435-4661-812C-A9204C600357}.Debug|x64.Build.0 = Debug|Any CPU
		{7D06B85D-2435-4661-812C-A9204C600357}.Debug|x86.ActiveCfg = Debug|Any CPU
		{7D06B85D-2435-4661-812C-A9204C600357}.Debug|x86.Build.0 = Debug|Any CPU
		{7D06B85D-2435-4661-812C-A9204C600357}.Release|Any CPU.ActiveCfg = Release|Any CPU
		{7D06B85D-2435-4661-812C-A9204C600357}.Release|Any CPU.Build.0 = Release|Any CPU
		{7D06B85D-2435-4661-812C-A9204C600357}.Release|x64.ActiveCfg = Release|Any CPU
		{7D06B85D-2435-4661-812C-A9204C600357}.Release|x64.Build.0 = Release|Any CPU
		{7D06B85D-2435-4661-812C-A9204C600357}.Release|x86.ActiveCfg = Release|Any CPU
		{7D06B85D-2435-4661-812C-A9204C600357}.Release|x86.Build.0 = Release|Any CPU
	EndGlobalSection
	GlobalSection(SolutionProperties) = preSolution
		HideSolutionNode = FALSE
	EndGlobalSection
	GlobalSection(ExtensibilityGlobals) = postSolution
		SolutionGuid = {3704B709-ACA0-443A-9D6F-6359321FB596}
	EndGlobalSection
EndGlobal
