<Solution>
  <Configurations>
    <BuildType Name="Debug" />
    <BuildType Name="Development" />
    <BuildType Name="Release" />
  </Configurations>
  <Folder Name="/About-Architecture_DDD_Tests_(CleanArchitecture-MVCArchitecture)_Microsoft_eShopOnWeb(Examples)/">
    <File Path="About-Architecture_DDD_Tests(CleanArchitecture-MVCArchitecture)_Microsoft_eShopOnWeb(Examples)/ReadMe.txt" />
  </Folder>
  <Folder Name="/About-Binary_ASM_CPP_CS(SelectedHere)-FourPlatformsLanguages(Examples)/">
    <File Path="About-Binary_ASM_CPP_CS-FourPlatformsExpansionLanguages(Examples)/ReadMe.txt" />
  </Folder>
  <Folder Name="/ASPDotNet_MVC_YuQin/">
    <Project Path="../WebEdu_LocalVersion_YuQin_Referenced/eShopOnWeb/src/ApplicationCore/ApplicationCore.csproj">
      <BuildType Solution="Development|*" Project="Release" />
    </Project>
    <Project Path="../WebEdu_LocalVersion_YuQin_Referenced/eShopOnWeb/src/BlazorAdmin/BlazorAdmin.csproj">
      <BuildType Solution="Development|*" Project="Release" />
    </Project>
    <Project Path="../WebEdu_LocalVersion_YuQin_Referenced/eShopOnWeb/src/BlazorShared/BlazorShared.csproj">
      <BuildType Solution="Development|*" Project="Release" />
    </Project>
    <Project Path="../WebEdu_LocalVersion_YuQin_Referenced/eShopOnWeb/src/eShopWeb.AppHost/eShopWeb.AppHost.csproj">
      <BuildType Solution="Development|*" Project="Release" />
    </Project>
    <Project Path="../WebEdu_LocalVersion_YuQin_Referenced/eShopOnWeb/src/eShopWeb.AspireServiceDefaults/eShopWeb.AspireServiceDefaults.csproj">
      <BuildType Solution="Development|*" Project="Release" />
    </Project>
    <Project Path="../WebEdu_LocalVersion_YuQin_Referenced/eShopOnWeb/src/Infrastructure/Infrastructure.csproj">
      <BuildType Solution="Development|*" Project="Release" />
    </Project>
    <Project Path="../WebEdu_LocalVersion_YuQin_Referenced/eShopOnWeb/src/PublicApi/PublicApi.csproj">
      <BuildType Solution="Development|*" Project="Release" />
    </Project>
    <Project Path="ASPDotNet_MVC_YuQin/ASPDotNet_MVC_YuQin/ASPDotNet_MVC_YuQin.csproj">
      <BuildType Solution="Development|*" Project="Release" />
    </Project>
  </Folder>
  <Folder Name="/ASPDotNet_MVC_YuQin/ASPDotNet_MVC_YuQin-OneOfThreeViews_BuildWithOneBlazorAssemblyProject--TwoOfThreeViews_BuildInFoldersIn[ASPDotNet_Mvc_Yuqin]Project/">
    <File Path="ASPDotNet_MVC_YuQin/OneOfThreeViews_BuildWithOneBlazorAssemblyProjectTypeInstance[Blazor_WebAssembly_PWA_YuQin]--TwoOfThreeViews_BuildInFoldersInASP.NetMVCProjectTypeInstance[ASPDotNet_Mvc_Yuqin]/ReadMe.txt" />
    <Project Path="ASPDotNet_MVC_YuQin/Blazor_WebAssembly_PWA_YuQin/Blazor_WebAssembly_PWA_YuQin.csproj">
      <BuildType Solution="Development|*" Project="Release" />
    </Project>
  </Folder>
  <Folder Name="/ASPDotNet_MVC_YuQin/SharedCS/">
    <Project Path="ASPDotNet_MVC_YuQin/SharedCS/SharedCS/SharedCS.csproj">
      <BuildType Solution="Development|*" Project="Release" />
    </Project>
  </Folder>
  <Folder Name="/ASPDotNet_MVC_YuQin/SharedRazor_SharedCSHTML/">
    <Project Path="../WebEdu_LocalVersion_YuQin_Referenced/ant-design-blazor-master/components/AntDesign.csproj">
      <BuildType Solution="Development|*" Project="Release" />
    </Project>
    <Project Path="../WebEdu_LocalVersion_YuQin_Referenced/Microsoft.AspNetCore.Components.QuickGrid.EntityFrameworkAdapter/src/Microsoft.AspNetCore.Components.QuickGrid.EntityFrameworkAdapter.csproj">
      <BuildType Solution="Development|*" Project="Release" />
    </Project>
    <Project Path="../WebEdu_LocalVersion_YuQin_Referenced/Microsoft.AspNetCore.Components.QuickGrid/src/Microsoft.AspNetCore.Components.QuickGrid.csproj">
      <BuildType Solution="Development|*" Project="Release" />
    </Project>
    <Project Path="ASPDotNet_MVC_YuQin/SharedRazor_SharedCSHTML/SharedRazorClassLibrary/SharedRazorCS.csproj">
      <BuildType Solution="Development|*" Project="Release" />
    </Project>
  </Folder>
  <Folder Name="/ASPDotNet_MVC_YuQin/SharedRazor_SharedCSHTML/Microsoft.AspNetCore.Components.QuickGrid.EntityFrameworkAdapter_ReadMe/">
    <File Path="ASPDotNet_MVC_YuQin/SharedRazor_SharedCSHTML/Microsoft.AspNetCore.Components.QuickGrid.EntityFrameworkAdapter/（目前也可卸载相应的源码项目，而在本项目Nuget安装依赖项：Microsoft.AspNetCore.Components.QuickGrid.EntityFrameworkAdapter）.txt" />
  </Folder>
  <Folder Name="/ASPDotNet_MVC_YuQin/SharedRazor_SharedCSHTML/Microsoft.AspNetCore.Components.QuickGrid_ReadMe/">
    <File Path="ASPDotNet_MVC_YuQin/SharedRazor_SharedCSHTML/Microsoft.AspNetCore.Components.QuickGrid/（目前也可卸载相应的源码项目，而在本项目Nuget安装依赖项：Microsoft.AspNetCore.Components.QuickGrid）.txt" />
  </Folder>
  <Folder Name="/ASPDotNet_MVC_YuQin/VS-SSDT_SS/">
    <File Path="ASPDotNet_MVC_YuQin/About_VS_SSDT_SS/About_VS_SSDT_SS.txt" />
  </Folder>
  <Folder Name="/ASPDotNet_MVC_YuQin/VS-SSDT_SS/Layer1_SSDE_Database_DatawareHouse_SSIS/">
    <Project Path="ASPDotNet_MVC_YuQin/About_VS_SSDT_SS/Layer1/TryDatabase/TryDatabase/TryDatabase.sqlproj" Id="4a6bf7b9-f1bd-4fa6-89a3-bc0fed54aa46">
      <BuildType Solution="Development|*" Project="Release" />
      <Build />
      <Deploy />
    </Project>
    <Project Path="ASPDotNet_MVC_YuQin/About_VS_SSDT_SS/Layer1/TryDatawarehouse/DatawareHouse/DatawareHouse.sqlproj" Id="0444f2a2-642b-437a-ab33-c3e253cada1d">
      <BuildType Solution="Development|*" Project="Release" />
      <Build />
      <Deploy />
    </Project>
    <Project Path="ASPDotNet_MVC_YuQin/About_VS_SSDT_SS/Layer1/TrySSIS/TrySSIS/TrySSIS.dtproj" Type="c9674dcb-5085-4a16-b785-4c70dd1589bd">
      <BuildType Project="Development" />
      <Platform Project="?" />
    </Project>
  </Folder>
  <Folder Name="/ASPDotNet_MVC_YuQin/VS-SSDT_SS/Layer2_Layer3_Layer4_SSAS_MDA_DMA_DMAC/">
    <Project Path="ASPDotNet_MVC_YuQin/About_VS_SSDT_SS/Layer2_Layer3_Layer4/TrySSAS_MDX_DMX_DMXA/TrySSAS_MDX_DMX_DMXA.dwproj" Type="d2abab84-bf74-430a-b69e-9dc6d40dda17">
      <BuildType Project="Development" />
      <Platform Project="?" />
      <Deploy />
    </Project>
  </Folder>
  <Folder Name="/ASPDotNet_MVC_YuQin/VS-SSDT_SS/Layer5_SSAIGC/" />
  <Folder Name="/ReadMe-DevelopingTimeRunningThisSolution-开发时运行这个解决方案的说明-请用Word读写该HTML文件/">
    <File Path="ReadMe-DevelopingTimeRunningThisSolution.htm" />
  </Folder>
</Solution>
