<Solution>
  <Folder Name="/About-Architecture_Engineering_DDD_ORM_DataBase(CleanArchitecture-MVCArchitecture)_Microsoft_eShopOnWeb(Examples)/" />
  <Folder Name="/About-Binary_ASM_CPP_CS-FourPlatformsExpansionLanguages(Examples)/" />
  <Folder Name="/ASPDotNet_MVC_YuQin/">
    <Project Path="ASPDotNet_MVC_YuQin/ASPDotNet_MVC_YuQin/ASPDotNet_MVC_YuQin.csproj" />
  </Folder>
  <Folder Name="/ASPDotNet_MVC_YuQin/ASPDotNet_MVC_YuQin-OneOfThreeViews_BuildWithOneBlazorAssemblyProject--TwoOfThreeViews_BuildInFoldersIn[ASPDotNet_Mvc_Yuqin]Project/" />
  <Folder Name="/ASPDotNet_MVC_YuQin/SharedCS/">
    <Project Path="ASPDotNet_MVC_YuQin/SharedCS/SharedCS/SharedCS.csproj" />
  </Folder>
  <Folder Name="/ASPDotNet_MVC_YuQin/SharedRazor_SharedCSHTML/" />
  <Folder Name="/ASPDotNet_MVC_YuQin/VS-SSDT_SS/" />
  <Folder Name="/ASPDotNet_MVC_YuQin/VS-SSDT_SS/Layer1_SSDE-Database_SSDE-Datawarehouse_SSIS/" />
  <Folder Name="/ASPDotNet_MVC_YuQin/VS-SSDT_SS/Layer2_SSAS_MDA/" />
  <Folder Name="/ASPDotNet_MVC_YuQin/VS-SSDT_SS/Layer3_SSAS-DMA/" />
  <Folder Name="/ASPDotNet_MVC_YuQin/VS-SSDT_SS/Layer4_SSAS-DMAC/" />
  <Folder Name="/ASPDotNet_MVC_YuQin/VS-SSDT_SS/Layer5_SSAIGC/" />
  <Folder Name="/ASPDotNet_MVC_YuQin/VS-SSDT_SS/ReadMe-DevelopingTimeRunningThisProject-开发时运行这个项目的说明-请用Word读写该HTML文件/">
    <File Path="About_VS_SSDT_SS/ReadMe-DevelopingTimeRunningThisProject.htm" />
  </Folder>
  <Folder Name="/ReadMe-DevelopingTimeRunningThisSolution-开发时运行这个解决方案的说明-请用Word读写该HTML文件/">
    <File Path="ReadMe-DevelopingTimeRunningThisSolution.htm" />
  </Folder>
</Solution>
